<?xml version="1.0" encoding="utf-8"?>
<Project ToolsVersion="4.0" xmlns="http://schemas.microsoft.com/developer/msbuild/2003">
  <ItemGroup>
    <ClCompile Include="FileInfo_Base.cpp" />
    <ClCompile Include="FileInfo_Binary.cpp" />
    <ClCompile Include="FileInfo_CPP.cpp" />
    <ClCompile Include="FileInfo_EXE.cpp" />
    <ClCompile Include="FileInfo_H.cpp" />
    <ClCompile Include="FileInfo_Other.cpp" />
    <ClCompile Include="FileInfo_Text.cpp" />
    <ClCompile Include="Function.cpp" />
    <ClCompile Include="IFileInfo.cpp" />
    <ClCompile Include="SuperDir.cpp" />
  </ItemGroup>
  <ItemGroup>
    <ClInclude Include="FileInfo_Base.h" />
    <ClInclude Include="FileInfo_Binary.h" />
    <ClInclude Include="FileInfo_CPP.h" />
    <ClInclude Include="FileInfo_EXE.h" />
    <ClInclude Include="FileInfo_H.h" />
    <ClInclude Include="FileInfo_Other.h" />
    <ClInclude Include="FileInfo_Text.h" />
    <ClInclude Include="Funtion.h" />
    <ClInclude Include="IFileInfo.h" />
  </ItemGroup>
  <ItemGroup>
    <Filter Include="Text">
      <UniqueIdentifier>{9686c02f-80e3-4641-a04e-012cc5f31402}</UniqueIdentifier>
    </Filter>
  </ItemGroup>
</Project>